# This file is automatically @generated by Cargo.
# It is not intended for manual editing.
version = 4

[[package]]
name = "opensymphony-cli"
version = "0.1.0"

[[package]]
name = "opensymphony-control"
version = "0.1.0"

[[package]]
name = "opensymphony-domain"
version = "0.1.0"

[[package]]
name = "opensymphony-linear"
version = "0.1.0"

[[package]]
name = "opensymphony-linear-mcp"
version = "0.1.0"

[[package]]
name = "opensymphony-openhands"
version = "0.1.0"

[[package]]
name = "opensymphony-orchestrator"
version = "0.1.0"

[[package]]
name = "opensymphony-testkit"
version = "0.1.0"

[[package]]
name = "opensymphony-tui"
version = "0.1.0"

[[package]]
name = "opensymphony-workflow"
version = "0.1.0"

[[package]]
name = "opensymphony-workspace"
version = "0.1.0"
